// !$*UTF8*$!
{
	archiveVersion = 1;
	classes = {
	};
	objectVersion = 48;
	objects = {

/* Begin PBXBuildFile section */
		79CCE131219921E00075DB79 /* AppDelegate.swift in Sources */ = {isa = PBXBuildFile; fileRef = 79CCE130219921E00075DB79 /* AppDelegate.swift */; };
		79CCE133219921E00075DB79 /* ViewController.swift in Sources */ = {isa = PBXBuildFile; fileRef = 79CCE132219921E00075DB79 /* ViewController.swift */; };
		79CCE136219921E00075DB79 /* Main.storyboard in Resources */ = {isa = PBXBuildFile; fileRef = 79CCE134219921E00075DB79 /* Main.storyboard */; };
		79CCE138219921E00075DB79 /* Assets.xcassets in Resources */ = {isa = PBXBuildFile; fileRef = 79CCE137219921E00075DB79 /* Assets.xcassets */; };
		79CCE13B219921E00075DB79 /* LaunchScreen.storyboard in Resources */ = {isa = PBXBuildFile; fileRef = 79CCE139219921E00075DB79 /* LaunchScreen.storyboard */; };
		79CCE144219925830075DB79 /* Movie.swift in Sources */ = {isa = PBXBuildFile; fileRef = 79CCE143219925830075DB79 /* Movie.swift */; };
		79CCE146219928F00075DB79 /* MovieResults.swift in Sources */ = {isa = PBXBuildFile; fileRef = 79CCE145219928F00075DB79 /* MovieResults.swift */; };
		79CCE14821992B230075DB79 /* MovieAPI.swift in Sources */ = {isa = PBXBuildFile; fileRef = 79CCE14721992B230075DB79 /* MovieAPI.swift */; };
		79CCE14A21992E870075DB79 /* NetworkManager.swift in Sources */ = {isa = PBXBuildFile; fileRef = 79CCE14921992E870075DB79 /* NetworkManager.swift */; };
		D6C68EB6ADC4B2893055E62E /* Pods_NetworkingAbstractionMoya.framework in Frameworks */ = {isa = PBXBuildFile; fileRef = 941254F834AD2938D9F6E386 /* Pods_NetworkingAbstractionMoya.framework */; };
/* End PBXBuildFile section */

/* Begin PBXFileReference section */
		79CCE12D219921DF0075DB79 /* NetworkingAbstractionMoya.app */ = {isa = PBXFileReference; explicitFileType = wrapper.application; includeInIndex = 0; path = NetworkingAbstractionMoya.app; sourceTree = BUILT_PRODUCTS_DIR; };
		79CCE130219921E00075DB79 /* AppDelegate.swift */ = {isa = PBXFileReference; lastKnownFileType = sourcecode.swift; path = AppDelegate.swift; sourceTree = "<group>"; };
		79CCE132219921E00075DB79 /* ViewController.swift */ = {isa = PBXFileReference; lastKnownFileType = sourcecode.swift; path = ViewController.swift; sourceTree = "<group>"; };
		79CCE135219921E00075DB79 /* Base */ = {isa = PBXFileReference; lastKnownFileType = file.storyboard; name = Base; path = Base.lproj/Main.storyboard; sourceTree = "<group>"; };
		79CCE137219921E00075DB79 /* Assets.xcassets */ = {isa = PBXFileReference; lastKnownFileType = folder.assetcatalog; path = Assets.xcassets; sourceTree = "<group>"; };
		79CCE13A219921E00075DB79 /* Base */ = {isa = PBXFileReference; lastKnownFileType = file.storyboard; name = Base; path = Base.lproj/LaunchScreen.storyboard; sourceTree = "<group>"; };
		79CCE13C219921E00075DB79 /* Info.plist */ = {isa = PBXFileReference; lastKnownFileType = text.plist.xml; path = Info.plist; sourceTree = "<group>"; };
		79CCE143219925830075DB79 /* Movie.swift */ = {isa = PBXFileReference; lastKnownFileType = sourcecode.swift; path = Movie.swift; sourceTree = "<group>"; };
		79CCE145219928F00075DB79 /* MovieResults.swift */ = {isa = PBXFileReference; lastKnownFileType = sourcecode.swift; path = MovieResults.swift; sourceTree = "<group>"; };
		79CCE14721992B230075DB79 /* MovieAPI.swift */ = {isa = PBXFileReference; lastKnownFileType = sourcecode.swift; path = MovieAPI.swift; sourceTree = "<group>"; };
		79CCE14921992E870075DB79 /* NetworkManager.swift */ = {isa = PBXFileReference; lastKnownFileType = sourcecode.swift; path = NetworkManager.swift; sourceTree = "<group>"; };
		8B69C7B9433381689A0F2E31 /* Pods-NetworkingAbstractionMoya.debug.xcconfig */ = {isa = PBXFileReference; includeInIndex = 1; lastKnownFileType = text.xcconfig; name = "Pods-NetworkingAbstractionMoya.debug.xcconfig"; path = "Pods/Target Support Files/Pods-NetworkingAbstractionMoya/Pods-NetworkingAbstractionMoya.debug.xcconfig"; sourceTree = "<group>"; };
		8D212FE23EABC66ED9B51A17 /* Pods-NetworkingAbstractionMoya.release.xcconfig */ = {isa = PBXFileReference; includeInIndex = 1; lastKnownFileType = text.xcconfig; name = "Pods-NetworkingAbstractionMoya.release.xcconfig"; path = "Pods/Target Support Files/Pods-NetworkingAbstractionMoya/Pods-NetworkingAbstractionMoya.release.xcconfig"; sourceTree = "<group>"; };
		941254F834AD2938D9F6E386 /* Pods_NetworkingAbstractionMoya.framework */ = {isa = PBXFileReference; explicitFileType = wrapper.framework; includeInIndex = 0; path = Pods_NetworkingAbstractionMoya.framework; sourceTree = BUILT_PRODUCTS_DIR; };
/* End PBXFileReference section */

/* Begin PBXFrameworksBuildPhase section */
		79CCE12A219921DF0075DB79 /* Frameworks */ = {
			isa = PBXFrameworksBuildPhase;
			buildActionMask = 2147483647;
			files = (
				D6C68EB6ADC4B2893055E62E /* Pods_NetworkingAbstractionMoya.framework in Frameworks */,
			);
			runOnlyForDeploymentPostprocessing = 0;
		};
/* End PBXFrameworksBuildPhase section */

/* Begin PBXGroup section */
		66402C407969639DB017D3B3 /* Frameworks */ = {
			isa = PBXGroup;
			children = (
				941254F834AD2938D9F6E386 /* Pods_NetworkingAbstractionMoya.framework */,
			);
			name = Frameworks;
			sourceTree = "<group>";
		};
		79CCE124219921DE0075DB79 = {
			isa = PBXGroup;
			children = (
				79CCE12F219921DF0075DB79 /* NetworkingAbstractionMoya */,
				79CCE12E219921DF0075DB79 /* Products */,
				A6A32018614E4F096195B9AA /* Pods */,
				66402C407969639DB017D3B3 /* Frameworks */,
			);
			sourceTree = "<group>";
		};
		79CCE12E219921DF0075DB79 /* Products */ = {
			isa = PBXGroup;
			children = (
				79CCE12D219921DF0075DB79 /* NetworkingAbstractionMoya.app */,
			);
			name = Products;
			sourceTree = "<group>";
		};
		79CCE12F219921DF0075DB79 /* NetworkingAbstractionMoya */ = {
			isa = PBXGroup;
			children = (
				79CCE142219925680075DB79 /* Model */,
				79CCE130219921E00075DB79 /* AppDelegate.swift */,
				79CCE132219921E00075DB79 /* ViewController.swift */,
				79CCE134219921E00075DB79 /* Main.storyboard */,
				79CCE137219921E00075DB79 /* Assets.xcassets */,
				79CCE139219921E00075DB79 /* LaunchScreen.storyboard */,
				79CCE13C219921E00075DB79 /* Info.plist */,
				79CCE14721992B230075DB79 /* MovieAPI.swift */,
				79CCE14921992E870075DB79 /* NetworkManager.swift */,
			);
			path = NetworkingAbstractionMoya;
			sourceTree = "<group>";
		};
		79CCE142219925680075DB79 /* Model */ = {
			isa = PBXGroup;
			children = (
				79CCE143219925830075DB79 /* Movie.swift */,
				79CCE145219928F00075DB79 /* MovieResults.swift */,
			);
			path = Model;
			sourceTree = "<group>";
		};
		A6A32018614E4F096195B9AA /* Pods */ = {
			isa = PBXGroup;
			children = (
				8B69C7B9433381689A0F2E31 /* Pods-NetworkingAbstractionMoya.debug.xcconfig */,
				8D212FE23EABC66ED9B51A17 /* Pods-NetworkingAbstractionMoya.release.xcconfig */,
			);
			name = Pods;
			sourceTree = "<group>";
		};
/* End PBXGroup section */

/* Begin PBXNativeTarget section */
		79CCE12C219921DF0075DB79 /* NetworkingAbstractionMoya */ = {
			isa = PBXNativeTarget;
			buildConfigurationList = 79CCE13F219921E00075DB79 /* Build configuration list for PBXNativeTarget "NetworkingAbstractionMoya" */;
			buildPhases = (
				63BD1A6535DD5B46ACEE6EEC /* [CP] Check Pods Manifest.lock */,
				79CCE129219921DF0075DB79 /* Sources */,
				79CCE12A219921DF0075DB79 /* Frameworks */,
				79CCE12B219921DF0075DB79 /* Resources */,
				00B5A0C5409129DC0E1376AA /* [CP] Embed Pods Frameworks */,
				A757010EDD57AD1809AB9547 /* [CP] Copy Pods Resources */,
			);
			buildRules = (
			);
			dependencies = (
			);
			name = NetworkingAbstractionMoya;
			productName = NetworkingAbstractionMoya;
			productReference = 79CCE12D219921DF0075DB79 /* NetworkingAbstractionMoya.app */;
			productType = "com.apple.product-type.application";
		};
/* End PBXNativeTarget section */

/* Begin PBXProject section */
		79CCE125219921DE0075DB79 /* Project object */ = {
			isa = PBXProject;
			attributes = {
				LastSwiftUpdateCheck = 0910;
				LastUpgradeCheck = 0910;
				ORGANIZATIONNAME = "Cahyanto Setya Budi";
				TargetAttributes = {
					79CCE12C219921DF0075DB79 = {
						CreatedOnToolsVersion = 9.1;
						ProvisioningStyle = Automatic;
					};
				};
			};
			buildConfigurationList = 79CCE128219921DE0075DB79 /* Build configuration list for PBXProject "NetworkingAbstractionMoya" */;
			compatibilityVersion = "Xcode 8.0";
			developmentRegion = en;
			hasScannedForEncodings = 0;
			knownRegions = (
				en,
				Base,
			);
			mainGroup = 79CCE124219921DE0075DB79;
			productRefGroup = 79CCE12E219921DF0075DB79 /* Products */;
			projectDirPath = "";
			projectRoot = "";
			targets = (
				79CCE12C219921DF0075DB79 /* NetworkingAbstractionMoya */,
			);
		};
/* End PBXProject section */

/* Begin PBXResourcesBuildPhase section */
		79CCE12B219921DF0075DB79 /* Resources */ = {
			isa = PBXResourcesBuildPhase;
			buildActionMask = 2147483647;
			files = (
				79CCE13B219921E00075DB79 /* LaunchScreen.storyboard in Resources */,
				79CCE138219921E00075DB79 /* Assets.xcassets in Resources */,
				79CCE136219921E00075DB79 /* Main.storyboard in Resources */,
			);
			runOnlyForDeploymentPostprocessing = 0;
		};
/* End PBXResourcesBuildPhase section */

/* Begin PBXShellScriptBuildPhase section */
		00B5A0C5409129DC0E1376AA /* [CP] Embed Pods Frameworks */ = {
			isa = PBXShellScriptBuildPhase;
			buildActionMask = 2147483647;
			files = (
			);
			inputPaths = (
				"${SRCROOT}/Pods/Target Support Files/Pods-NetworkingAbstractionMoya/Pods-NetworkingAbstractionMoya-frameworks.sh",
				"${BUILT_PRODUCTS_DIR}/Alamofire/Alamofire.framework",
				"${BUILT_PRODUCTS_DIR}/Moya/Moya.framework",
				"${BUILT_PRODUCTS_DIR}/Result/Result.framework",
			);
			name = "[CP] Embed Pods Frameworks";
			outputPaths = (
				"${TARGET_BUILD_DIR}/${FRAMEWORKS_FOLDER_PATH}/Alamofire.framework",
				"${TARGET_BUILD_DIR}/${FRAMEWORKS_FOLDER_PATH}/Moya.framework",
				"${TARGET_BUILD_DIR}/${FRAMEWORKS_FOLDER_PATH}/Result.framework",
			);
			runOnlyForDeploymentPostprocessing = 0;
			shellPath = /bin/sh;
			shellScript = "\"${SRCROOT}/Pods/Target Support Files/Pods-NetworkingAbstractionMoya/Pods-NetworkingAbstractionMoya-frameworks.sh\"\n";
			showEnvVarsInLog = 0;
		};
		63BD1A6535DD5B46ACEE6EEC /* [CP] Check Pods Manifest.lock */ = {
			isa = PBXShellScriptBuildPhase;
			buildActionMask = 2147483647;
			files = (
			);
			inputPaths = (
				"${PODS_PODFILE_DIR_PATH}/Podfile.lock",
				"${PODS_ROOT}/Manifest.lock",
			);
			name = "[CP] Check Pods Manifest.lock";
			outputPaths = (
				"$(DERIVED_FILE_DIR)/Pods-NetworkingAbstractionMoya-checkManifestLockResult.txt",
			);
			runOnlyForDeploymentPostprocessing = 0;
			shellPath = /bin/sh;
			shellScript = "diff \"${PODS_PODFILE_DIR_PATH}/Podfile.lock\" \"${PODS_ROOT}/Manifest.lock\" > /dev/null\nif [ $? != 0 ] ; then\n    # print error to STDERR\n    echo \"error: The sandbox is not in sync with the Podfile.lock. Run 'pod install' or update your CocoaPods installation.\" >&2\n    exit 1\nfi\n# This output is used by Xcode 'outputs' to avoid re-running this script phase.\necho \"SUCCESS\" > \"${SCRIPT_OUTPUT_FILE_0}\"\n";
			showEnvVarsInLog = 0;
		};
		A757010EDD57AD1809AB9547 /* [CP] Copy Pods Resources */ = {
			isa = PBXShellScriptBuildPhase;
			buildActionMask = 2147483647;
			files = (
			);
			inputPaths = (
			);
			name = "[CP] Copy Pods Resources";
			outputPaths = (
			);
			runOnlyForDeploymentPostprocessing = 0;
			shellPath = /bin/sh;
			shellScript = "\"${SRCROOT}/Pods/Target Support Files/Pods-NetworkingAbstractionMoya/Pods-NetworkingAbstractionMoya-resources.sh\"\n";
			showEnvVarsInLog = 0;
		};
/* End PBXShellScriptBuildPhase section */

/* Begin PBXSourcesBuildPhase section */
		79CCE129219921DF0075DB79 /* Sources */ = {
			isa = PBXSourcesBuildPhase;
			buildActionMask = 2147483647;
			files = (
				79CCE14A21992E870075DB79 /* NetworkManager.swift in Sources */,
				79CCE133219921E00075DB79 /* ViewController.swift in Sources */,
				79CCE131219921E00075DB79 /* AppDelegate.swift in Sources */,
				79CCE144219925830075DB79 /* Movie.swift in Sources */,
				79CCE146219928F00075DB79 /* MovieResults.swift in Sources */,
				79CCE14821992B230075DB79 /* MovieAPI.swift in Sources */,
			);
			runOnlyForDeploymentPostprocessing = 0;
		};
/* End PBXSourcesBuildPhase section */

/* Begin PBXVariantGroup section */
		79CCE134219921E00075DB79 /* Main.storyboard */ = {
			isa = PBXVariantGroup;
			children = (
				79CCE135219921E00075DB79 /* Base */,
			);
			name = Main.storyboard;
			sourceTree = "<group>";
		};
		79CCE139219921E00075DB79 /* LaunchScreen.storyboard */ = {
			isa = PBXVariantGroup;
			children = (
				79CCE13A219921E00075DB79 /* Base */,
			);
			name = LaunchScreen.storyboard;
			sourceTree = "<group>";
		};
/* End PBXVariantGroup section */

/* Begin XCBuildConfiguration section */
		79CCE13D219921E00075DB79 /* Debug */ = {
			isa = XCBuildConfiguration;
			buildSettings = {
				ALWAYS_SEARCH_USER_PATHS = NO;
				CLANG_ANALYZER_NONNULL = YES;
				CLANG_ANALYZER_NUMBER_OBJECT_CONVERSION = YES_AGGRESSIVE;
				CLANG_CXX_LANGUAGE_STANDARD = "gnu++14";
				CLANG_CXX_LIBRARY = "libc++";
				CLANG_ENABLE_MODULES = YES;
				CLANG_ENABLE_OBJC_ARC = YES;
				CLANG_WARN_BLOCK_CAPTURE_AUTORELEASING = YES;
				CLANG_WARN_BOOL_CONVERSION = YES;
				CLANG_WARN_COMMA = YES;
				CLANG_WARN_CONSTANT_CONVERSION = YES;
				CLANG_WARN_DIRECT_OBJC_ISA_USAGE = YES_ERROR;
				CLANG_WARN_DOCUMENTATION_COMMENTS = YES;
				CLANG_WARN_EMPTY_BODY = YES;
				CLANG_WARN_ENUM_CONVERSION = YES;
				CLANG_WARN_INFINITE_RECURSION = YES;
				CLANG_WARN_INT_CONVERSION = YES;
				CLANG_WARN_NON_LITERAL_NULL_CONVERSION = YES;
				CLANG_WARN_OBJC_LITERAL_CONVERSION = YES;
				CLANG_WARN_OBJC_ROOT_CLASS = YES_ERROR;
				CLANG_WARN_RANGE_LOOP_ANALYSIS = YES;
				CLANG_WARN_STRICT_PROTOTYPES = YES;
				CLANG_WARN_SUSPICIOUS_MOVE = YES;
				CLANG_WARN_UNGUARDED_AVAILABILITY = YES_AGGRESSIVE;
				CLANG_WARN_UNREACHABLE_CODE = YES;
				CLANG_WARN__DUPLICATE_METHOD_MATCH = YES;
				CODE_SIGN_IDENTITY = "iPhone Developer";
				COPY_PHASE_STRIP = NO;
				DEBUG_INFORMATION_FORMAT = dwarf;
				ENABLE_STRICT_OBJC_MSGSEND = YES;
				ENABLE_TESTABILITY = YES;
				GCC_C_LANGUAGE_STANDARD = gnu11;
				GCC_DYNAMIC_NO_PIC = NO;
				GCC_NO_COMMON_BLOCKS = YES;
				GCC_OPTIMIZATION_LEVEL = 0;
				GCC_PREPROCESSOR_DEFINITIONS = (
					"DEBUG=1",
					"$(inherited)",
				);
				GCC_WARN_64_TO_32_BIT_CONVERSION = YES;
				GCC_WARN_ABOUT_RETURN_TYPE = YES_ERROR;
				GCC_WARN_UNDECLARED_SELECTOR = YES;
				GCC_WARN_UNINITIALIZED_AUTOS = YES_AGGRESSIVE;
				GCC_WARN_UNUSED_FUNCTION = YES;
				GCC_WARN_UNUSED_VARIABLE = YES;
				IPHONEOS_DEPLOYMENT_TARGET = 11.1;
				MTL_ENABLE_DEBUG_INFO = YES;
				ONLY_ACTIVE_ARCH = YES;
				SDKROOT = iphoneos;
				SWIFT_ACTIVE_COMPILATION_CONDITIONS = DEBUG;
				SWIFT_OPTIMIZATION_LEVEL = "-Onone";
			};
			name = Debug;
		};
		79CCE13E219921E00075DB79 /* Release */ = {
			isa = XCBuildConfiguration;
			buildSettings = {
				ALWAYS_SEARCH_USER_PATHS = NO;
				CLANG_ANALYZER_NONNULL = YES;
				CLANG_ANALYZER_NUMBER_OBJECT_CONVERSION = YES_AGGRESSIVE;
				CLANG_CXX_LANGUAGE_STANDARD = "gnu++14";
				CLANG_CXX_LIBRARY = "libc++";
				CLANG_ENABLE_MODULES = YES;
				CLANG_ENABLE_OBJC_ARC = YES;
				CLANG_WARN_BLOCK_CAPTURE_AUTORELEASING = YES;
				CLANG_WARN_BOOL_CONVERSION = YES;
				CLANG_WARN_COMMA = YES;
				CLANG_WARN_CONSTANT_CONVERSION = YES;
				CLANG_WARN_DIRECT_OBJC_ISA_USAGE = YES_ERROR;
				CLANG_WARN_DOCUMENTATION_COMMENTS = YES;
				CLANG_WARN_EMPTY_BODY = YES;
				CLANG_WARN_ENUM_CONVERSION = YES;
				CLANG_WARN_INFINITE_RECURSION = YES;
				CLANG_WARN_INT_CONVERSION = YES;
				CLANG_WARN_NON_LITERAL_NULL_CONVERSION = YES;
				CLANG_WARN_OBJC_LITERAL_CONVERSION = YES;
				CLANG_WARN_OBJC_ROOT_CLASS = YES_ERROR;
				CLANG_WARN_RANGE_LOOP_ANALYSIS = YES;
				CLANG_WARN_STRICT_PROTOTYPES = YES;
				CLANG_WARN_SUSPICIOUS_MOVE = YES;
				CLANG_WARN_UNGUARDED_AVAILABILITY = YES_AGGRESSIVE;
				CLANG_WARN_UNREACHABLE_CODE = YES;
				CLANG_WARN__DUPLICATE_METHOD_MATCH = YES;
				CODE_SIGN_IDENTITY = "iPhone Developer";
				COPY_PHASE_STRIP = NO;
				DEBUG_INFORMATION_FORMAT = "dwarf-with-dsym";
				ENABLE_NS_ASSERTIONS = NO;
				ENABLE_STRICT_OBJC_MSGSEND = YES;
				GCC_C_LANGUAGE_STANDARD = gnu11;
				GCC_NO_COMMON_BLOCKS = YES;
				GCC_WARN_64_TO_32_BIT_CONVERSION = YES;
				GCC_WARN_ABOUT_RETURN_TYPE = YES_ERROR;
				GCC_WARN_UNDECLARED_SELECTOR = YES;
				GCC_WARN_UNINITIALIZED_AUTOS = YES_AGGRESSIVE;
				GCC_WARN_UNUSED_FUNCTION = YES;
				GCC_WARN_UNUSED_VARIABLE = YES;
				IPHONEOS_DEPLOYMENT_TARGET = 11.1;
				MTL_ENABLE_DEBUG_INFO = NO;
				SDKROOT = iphoneos;
				SWIFT_OPTIMIZATION_LEVEL = "-Owholemodule";
				VALIDATE_PRODUCT = YES;
			};
			name = Release;
		};
		79CCE140219921E00075DB79 /* Debug */ = {
			isa = XCBuildConfiguration;
			baseConfigurationReference = 8B69C7B9433381689A0F2E31 /* Pods-NetworkingAbstractionMoya.debug.xcconfig */;
			buildSettings = {
				ASSETCATALOG_COMPILER_APPICON_NAME = AppIcon;
				CODE_SIGN_STYLE = Automatic;
				DEVELOPMENT_TEAM = EAN57SDFNQ;
				INFOPLIST_FILE = NetworkingAbstractionMoya/Info.plist;
				LD_RUNPATH_SEARCH_PATHS = "$(inherited) @executable_path/Frameworks";
				PRODUCT_BUNDLE_IDENTIFIER = com.cahyantosetyabudi.NetworkingAbstractionMoya;
				PRODUCT_NAME = "$(TARGET_NAME)";
				SWIFT_VERSION = 4.0;
				TARGETED_DEVICE_FAMILY = "1,2";
			};
			name = Debug;
		};
		79CCE141219921E00075DB79 /* Release */ = {
			isa = XCBuildConfiguration;
			baseConfigurationReference = 8D212FE23EABC66ED9B51A17 /* Pods-NetworkingAbstractionMoya.release.xcconfig */;
			buildSettings = {
				ASSETCATALOG_COMPILER_APPICON_NAME = AppIcon;
				CODE_SIGN_STYLE = Automatic;
				DEVELOPMENT_TEAM = EAN57SDFNQ;
				INFOPLIST_FILE = NetworkingAbstractionMoya/Info.plist;
				LD_RUNPATH_SEARCH_PATHS = "$(inherited) @executable_path/Frameworks";
				PRODUCT_BUNDLE_IDENTIFIER = com.cahyantosetyabudi.NetworkingAbstractionMoya;
				PRODUCT_NAME = "$(TARGET_NAME)";
				SWIFT_VERSION = 4.0;
				TARGETED_DEVICE_FAMILY = "1,2";
			};
			name = Release;
		};
/* End XCBuildConfiguration section */

/* Begin XCConfigurationList section */
		79CCE128219921DE0075DB79 /* Build configuration list for PBXProject "NetworkingAbstractionMoya" */ = {
			isa = XCConfigurationList;
			buildConfigurations = (
				79CCE13D219921E00075DB79 /* Debug */,
				79CCE13E219921E00075DB79 /* Release */,
			);
			defaultConfigurationIsVisible = 0;
			defaultConfigurationName = Release;
		};
		79CCE13F219921E00075DB79 /* Build configuration list for PBXNativeTarget "NetworkingAbstractionMoya" */ = {
			isa = XCConfigurationList;
			buildConfigurations = (
				79CCE140219921E00075DB79 /* Debug */,
				79CCE141219921E00075DB79 /* Release */,
			);
			defaultConfigurationIsVisible = 0;
			defaultConfigurationName = Release;
		};
/* End XCConfigurationList section */
	};
	rootObject = 79CCE125219921DE0075DB79 /* Project object */;
}
